
Microsoft Visual Studio Solution File, Format Version 12.00
# Visual Studio Version 17
VisualStudioVersion = 17.9.34723.18
MinimumVisualStudioVersion = 10.0.40219.1
Project("{FAE04EC0-301F-11D3-BF4B-00C04F79EFBC}") = "Main_Form", "Main_Form\Main_Form.csproj", "{904C4542-ABB7-4288-99B4-CA5944296EBC}"
EndProject
Global
	GlobalSection(SolutionConfigurationPlatforms) = preSolution
		Debug|Any CPU = Debug|Any CPU
		Release|Any CPU = Release|Any CPU
	EndGlobalSection
	GlobalSection(ProjectConfigurationPlatforms) = postSolution
		{904C4542-ABB7-4288-99B4-CA5944296EBC}.Debug|Any CPU.ActiveCfg = Debug|Any CPU
		{904C4542-ABB7-4288-99B4-CA5944296EBC}.Debug|Any CPU.Build.0 = Debug|Any CPU
		{904C4542-ABB7-4288-99B4-CA5944296EBC}.Release|Any CPU.ActiveCfg = Release|Any CPU
		{904C4542-ABB7-4288-99B4-CA5944296EBC}.Release|Any CPU.Build.0 = Release|Any CPU
	EndGlobalSection
	GlobalSection(SolutionProperties) = preSolution
		HideSolutionNode = FALSE
	EndGlobalSection
	GlobalSection(ExtensibilityGlobals) = postSolution
		SolutionGuid = {765E638A-434D-47DC-80C8-57DF6F1E64F1}
	EndGlobalSection
EndGlobal
