
Microsoft Visual Studio Solution File, Format Version 12.00
# Visual Studio Version 17
VisualStudioVersion = 17.7.34003.232
MinimumVisualStudioVersion = 10.0.40219.1
Project("{FAE04EC0-301F-11D3-BF4B-00C04F79EFBC}") = "study", "study.csproj", "{66F2FD76-3861-42EA-8F19-DE694F06AEC2}"
EndProject
Global
	GlobalSection(SolutionConfigurationPlatforms) = preSolution
		Debug|Any CPU = Debug|Any CPU
		Release|Any CPU = Release|Any CPU
	EndGlobalSection
	GlobalSection(ProjectConfigurationPlatforms) = postSolution
		{66F2FD76-3861-42EA-8F19-DE694F06AEC2}.Debug|Any CPU.ActiveCfg = Debug|Any CPU
		{66F2FD76-3861-42EA-8F19-DE694F06AEC2}.Debug|Any CPU.Build.0 = Debug|Any CPU
		{66F2FD76-3861-42EA-8F19-DE694F06AEC2}.Release|Any CPU.ActiveCfg = Release|Any CPU
		{66F2FD76-3861-42EA-8F19-DE694F06AEC2}.Release|Any CPU.Build.0 = Release|Any CPU
	EndGlobalSection
	GlobalSection(SolutionProperties) = preSolution
		HideSolutionNode = FALSE
	EndGlobalSection
	GlobalSection(ExtensibilityGlobals) = postSolution
		SolutionGuid = {31623D39-1203-4D6E-9202-37641DBF9675}
	EndGlobalSection
EndGlobal
